
Microsoft Visual Studio Solution File, Format Version 12.00
# Visual Studio Version 16
VisualStudioVersion = 16.0.30907.101
MinimumVisualStudioVersion = 10.0.40219.1
Project("{FAE04EC0-301F-11D3-BF4B-00C04F79EFBC}") = "Difraction_simulation", "Difraction_simulation.csproj", "{0290ECD1-38AC-4C41-B4FD-31D0E496195E}"
EndProject
Global
	GlobalSection(SolutionConfigurationPlatforms) = preSolution
		Debug|Any CPU = Debug|Any CPU
		Release|Any CPU = Release|Any CPU
	EndGlobalSection
	GlobalSection(ProjectConfigurationPlatforms) = postSolution
		{0290ECD1-38AC-4C41-B4FD-31D0E496195E}.Debug|Any CPU.ActiveCfg = Debug|Any CPU
		{0290ECD1-38AC-4C41-B4FD-31D0E496195E}.Debug|Any CPU.Build.0 = Debug|Any CPU
		{0290ECD1-38AC-4C41-B4FD-31D0E496195E}.Release|Any CPU.ActiveCfg = Release|Any CPU
		{0290ECD1-38AC-4C41-B4FD-31D0E496195E}.Release|Any CPU.Build.0 = Release|Any CPU
	EndGlobalSection
	GlobalSection(SolutionProperties) = preSolution
		HideSolutionNode = FALSE
	EndGlobalSection
	GlobalSection(ExtensibilityGlobals) = postSolution
		SolutionGuid = {436FB69F-2680-4A4A-9DDC-CC0C97820623}
	EndGlobalSection
EndGlobal
